
Microsoft Visual Studio Solution File, Format Version 12.00
# Visual Studio Version 17
VisualStudioVersion = 17.4.33205.214
MinimumVisualStudioVersion = 10.0.40219.1
Project("{9A19103F-16F7-4668-BE54-9A1E7A4F7556}") = "EduGraf", "EduGraf\EduGraf.csproj", "{137E1201-7262-4D8E-833B-92D0166DDF2E}"
EndProject
Project("{9A19103F-16F7-4668-BE54-9A1E7A4F7556}") = "EduGraf.OpenGL", "EduGraf.OpenGL\EduGraf.OpenGL.csproj", "{42AABA8A-82EC-4D68-A913-F95DEA3A7915}"
EndProject
Project("{9A19103F-16F7-4668-BE54-9A1E7A4F7556}") = "EduGraf.OpenGL.OpenTK", "EduGraf.OpenGL.OpenTK\EduGraf.OpenGL.OpenTK.csproj", "{F647E582-8570-43A8-9AE6-143E6258FD99}"
EndProject
Global
	GlobalSection(SolutionConfigurationPlatforms) = preSolution
		Debug|Any CPU = Debug|Any CPU
		Debug|x64 = Debug|x64
		Debug|x86 = Debug|x86
		Release|Any CPU = Release|Any CPU
		Release|x64 = Release|x64
		Release|x86 = Release|x86
	EndGlobalSection
	GlobalSection(ProjectConfigurationPlatforms) = postSolution
		{137E1201-7262-4D8E-833B-92D0166DDF2E}.Debug|Any CPU.ActiveCfg = Debug|Any CPU
		{137E1201-7262-4D8E-833B-92D0166DDF2E}.Debug|Any CPU.Build.0 = Debug|Any CPU
		{137E1201-7262-4D8E-833B-92D0166DDF2E}.Debug|x64.ActiveCfg = Debug|Any CPU
		{137E1201-7262-4D8E-833B-92D0166DDF2E}.Debug|x64.Build.0 = Debug|Any CPU
		{137E1201-7262-4D8E-833B-92D0166DDF2E}.Debug|x86.ActiveCfg = Debug|Any CPU
		{137E1201-7262-4D8E-833B-92D0166DDF2E}.Debug|x86.Build.0 = Debug|Any CPU
		{137E1201-7262-4D8E-833B-92D0166DDF2E}.Release|Any CPU.ActiveCfg = Release|Any CPU
		{137E1201-7262-4D8E-833B-92D0166DDF2E}.Release|Any CPU.Build.0 = Release|Any CPU
		{137E1201-7262-4D8E-833B-92D0166DDF2E}.Release|x64.ActiveCfg = Release|Any CPU
		{137E1201-7262-4D8E-833B-92D0166DDF2E}.Release|x64.Build.0 = Release|Any CPU
		{137E1201-7262-4D8E-833B-92D0166DDF2E}.Release|x86.ActiveCfg = Release|Any CPU
		{137E1201-7262-4D8E-833B-92D0166DDF2E}.Release|x86.Build.0 = Release|Any CPU
		{42AABA8A-82EC-4D68-A913-F95DEA3A7915}.Debug|Any CPU.ActiveCfg = Debug|Any CPU
		{42AABA8A-82EC-4D68-A913-F95DEA3A7915}.Debug|Any CPU.Build.0 = Debug|Any CPU
		{42AABA8A-82EC-4D68-A913-F95DEA3A7915}.Debug|x64.ActiveCfg = Debug|Any CPU
		{42AABA8A-82EC-4D68-A913-F95DEA3A7915}.Debug|x64.Build.0 = Debug|Any CPU
		{42AABA8A-82EC-4D68-A913-F95DEA3A7915}.Debug|x86.ActiveCfg = Debug|Any CPU
		{42AABA8A-82EC-4D68-A913-F95DEA3A7915}.Debug|x86.Build.0 = Debug|Any CPU
		{42AABA8A-82EC-4D68-A913-F95DEA3A7915}.Release|Any CPU.ActiveCfg = Release|Any CPU
		{42AABA8A-82EC-4D68-A913-F95DEA3A7915}.Release|Any CPU.Build.0 = Release|Any CPU
		{42AABA8A-82EC-4D68-A913-F95DEA3A7915}.Release|x64.ActiveCfg = Release|Any CPU
		{42AABA8A-82EC-4D68-A913-F95DEA3A7915}.Release|x64.Build.0 = Release|Any CPU
		{42AABA8A-82EC-4D68-A913-F95DEA3A7915}.Release|x86.ActiveCfg = Release|Any CPU
		{42AABA8A-82EC-4D68-A913-F95DEA3A7915}.Release|x86.Build.0 = Release|Any CPU
		{F647E582-8570-43A8-9AE6-143E6258FD99}.Debug|Any CPU.ActiveCfg = Debug|Any CPU
		{F647E582-8570-43A8-9AE6-143E6258FD99}.Debug|Any CPU.Build.0 = Debug|Any CPU
		{F647E582-8570-43A8-9AE6-143E6258FD99}.Debug|x64.ActiveCfg = Debug|Any CPU
		{F647E582-8570-43A8-9AE6-143E6258FD99}.Debug|x64.Build.0 = Debug|Any CPU
		{F647E582-8570-43A8-9AE6-143E6258FD99}.Debug|x86.ActiveCfg = Debug|Any CPU
		{F647E582-8570-43A8-9AE6-143E6258FD99}.Debug|x86.Build.0 = Debug|Any CPU
		{F647E582-8570-43A8-9AE6-143E6258FD99}.Release|Any CPU.ActiveCfg = Release|Any CPU
		{F647E582-8570-43A8-9AE6-143E6258FD99}.Release|Any CPU.Build.0 = Release|Any CPU
		{F647E582-8570-43A8-9AE6-143E6258FD99}.Release|x64.ActiveCfg = Release|Any CPU
		{F647E582-8570-43A8-9AE6-143E6258FD99}.Release|x64.Build.0 = Release|Any CPU
		{F647E582-8570-43A8-9AE6-143E6258FD99}.Release|x86.ActiveCfg = Release|Any CPU
		{F647E582-8570-43A8-9AE6-143E6258FD99}.Release|x86.Build.0 = Release|Any CPU
	EndGlobalSection
	GlobalSection(SolutionProperties) = preSolution
		HideSolutionNode = FALSE
	EndGlobalSection
	GlobalSection(ExtensibilityGlobals) = postSolution
		SolutionGuid = {EE9CF583-6D92-4970-B8F4-2D83295E8BC0}
	EndGlobalSection
EndGlobal
